
Microsoft Visual Studio Solution File, Format Version 12.00
# Visual Studio Version 17
VisualStudioVersion = 17.7.34024.191
MinimumVisualStudioVersion = 10.0.40219.1
Project("{8BC9CEB8-8B4A-11D0-8D11-00A0C91BC942}") = "async", "async\async.vcxproj", "{94A2E699-44F3-4B62-82C1-256FB0915E03}"
EndProject
Global
	GlobalSection(SolutionConfigurationPlatforms) = preSolution
		Debug|x64 = Debug|x64
		Debug|x86 = Debug|x86
		Release|x64 = Release|x64
		Release|x86 = Release|x86
	EndGlobalSection
	GlobalSection(ProjectConfigurationPlatforms) = postSolution
		{94A2E699-44F3-4B62-82C1-256FB0915E03}.Debug|x64.ActiveCfg = Debug|x64
		{94A2E699-44F3-4B62-82C1-256FB0915E03}.Debug|x64.Build.0 = Debug|x64
		{94A2E699-44F3-4B62-82C1-256FB0915E03}.Debug|x86.ActiveCfg = Debug|Win32
		{94A2E699-44F3-4B62-82C1-256FB0915E03}.Debug|x86.Build.0 = Debug|Win32
		{94A2E699-44F3-4B62-82C1-256FB0915E03}.Release|x64.ActiveCfg = Release|x64
		{94A2E699-44F3-4B62-82C1-256FB0915E03}.Release|x64.Build.0 = Release|x64
		{94A2E699-44F3-4B62-82C1-256FB0915E03}.Release|x86.ActiveCfg = Release|Win32
		{94A2E699-44F3-4B62-82C1-256FB0915E03}.Release|x86.Build.0 = Release|Win32
	EndGlobalSection
	GlobalSection(SolutionProperties) = preSolution
		HideSolutionNode = FALSE
	EndGlobalSection
	GlobalSection(ExtensibilityGlobals) = postSolution
		SolutionGuid = {B302D1F7-171F-4B00-B992-150A0F5ECD4E}
	EndGlobalSection
EndGlobal
